schema: '2.0'
stages:
  prepare:
    cmd: python utilities/tweets_extraction.py
    deps:
    - path: utilities/tweets_extraction.py
      md5: 31184835958928340624c90d36f07b1d
      size: 3518
    outs:
    - path: data/raw_tweets.json
      md5: d924d3306a8198474bcffb334be528f1
      size: 604379
  process:
    cmd: python utilities/tweets_cleaning.py
    deps:
    - path: data/raw_tweets.json
      md5: d924d3306a8198474bcffb334be528f1
      size: 604379
    - path: utilities/tweets_cleaning.py
      md5: 5f4a00446f21775e2319ce0eeab40608
      size: 2191
    outs:
    - path: data/cleaned_tweets.csv
      md5: f054edfcd02857e906b0e14a9ed06e15
      size: 78749
  classification:
    cmd: python utilities/tweets_classification.py
    deps:
    - path: data/cleaned_tweets.csv
      md5: f054edfcd02857e906b0e14a9ed06e15
      size: 78749
    - path: utilities/tweets_classification.py
      md5: 52f44363ff8feb7edb2ff8853f220009
      size: 1185
    outs:
    - path: data/classified_tweets.csv
      md5: 5be66109ecdbb7c333c73e60d8fa297f
      size: 94090
